
Microsoft Visual Studio Solution File, Format Version 12.00
# Visual Studio Version 16
VisualStudioVersion = 16.0.29920.165
MinimumVisualStudioVersion = 10.0.40219.1
Project("{8BC9CEB8-8B4A-11D0-8D11-00A0C91BC942}") = "CloudEngine", "CloudEngine\CloudEngine.vcxproj", "{DC8E1BA4-1E44-4A4D-BED4-A6B7E65FF418}"
EndProject
Global
	GlobalSection(SolutionConfigurationPlatforms) = preSolution
		Debug|x64 = Debug|x64
		Debug|x86 = Debug|x86
		Release|x64 = Release|x64
		Release|x86 = Release|x86
	EndGlobalSection
	GlobalSection(ProjectConfigurationPlatforms) = postSolution
		{DC8E1BA4-1E44-4A4D-BED4-A6B7E65FF418}.Debug|x64.ActiveCfg = Debug|x64
		{DC8E1BA4-1E44-4A4D-BED4-A6B7E65FF418}.Debug|x64.Build.0 = Debug|x64
		{DC8E1BA4-1E44-4A4D-BED4-A6B7E65FF418}.Debug|x86.ActiveCfg = Debug|Win32
		{DC8E1BA4-1E44-4A4D-BED4-A6B7E65FF418}.Debug|x86.Build.0 = Debug|Win32
		{DC8E1BA4-1E44-4A4D-BED4-A6B7E65FF418}.Release|x64.ActiveCfg = Release|x64
		{DC8E1BA4-1E44-4A4D-BED4-A6B7E65FF418}.Release|x64.Build.0 = Release|x64
		{DC8E1BA4-1E44-4A4D-BED4-A6B7E65FF418}.Release|x86.ActiveCfg = Release|Win32
		{DC8E1BA4-1E44-4A4D-BED4-A6B7E65FF418}.Release|x86.Build.0 = Release|Win32
	EndGlobalSection
	GlobalSection(SolutionProperties) = preSolution
		HideSolutionNode = FALSE
	EndGlobalSection
	GlobalSection(ExtensibilityGlobals) = postSolution
		SolutionGuid = {C9B399F3-FC0B-4572-BFF5-318517616B0E}
	EndGlobalSection
EndGlobal
